
Microsoft Visual Studio Solution File, Format Version 12.00
# Visual Studio Version 17
VisualStudioVersion = 17.1.32328.378
MinimumVisualStudioVersion = 10.0.40219.1
Project("{9A19103F-16F7-4668-BE54-9A1E7A4F7556}") = "liveApplicationInsight", "IiveApplicationInsight\liveApplicationInsight.csproj", "{56D20327-7026-4FF4-96A7-9EF5D511346B}"
EndProject
Global
	GlobalSection(SolutionConfigurationPlatforms) = preSolution
		Debug|Any CPU = Debug|Any CPU
		Release|Any CPU = Release|Any CPU
	EndGlobalSection
	GlobalSection(ProjectConfigurationPlatforms) = postSolution
		{56D20327-7026-4FF4-96A7-9EF5D511346B}.Debug|Any CPU.ActiveCfg = Debug|Any CPU
		{56D20327-7026-4FF4-96A7-9EF5D511346B}.Debug|Any CPU.Build.0 = Debug|Any CPU
		{56D20327-7026-4FF4-96A7-9EF5D511346B}.Release|Any CPU.ActiveCfg = Release|Any CPU
		{56D20327-7026-4FF4-96A7-9EF5D511346B}.Release|Any CPU.Build.0 = Release|Any CPU
	EndGlobalSection
	GlobalSection(SolutionProperties) = preSolution
		HideSolutionNode = FALSE
	EndGlobalSection
	GlobalSection(ExtensibilityGlobals) = postSolution
		SolutionGuid = {BCEFCEC8-D051-4FA0-88B1-063591C22B42}
	EndGlobalSection
EndGlobal
