
Microsoft Visual Studio Solution File, Format Version 12.00
# Visual Studio Version 17
VisualStudioVersion = 17.10.35122.118
MinimumVisualStudioVersion = 10.0.40219.1
Project("{FAE04EC0-301F-11D3-BF4B-00C04F79EFBC}") = "CircuitBreakerDemo", "CircuitBreakerDemo\CircuitBreakerDemo.csproj", "{EBA8F37C-DA22-4AB0-B0CA-C7D75BBA506C}"
EndProject
Global
	GlobalSection(SolutionConfigurationPlatforms) = preSolution
		Debug|Any CPU = Debug|Any CPU
		Release|Any CPU = Release|Any CPU
	EndGlobalSection
	GlobalSection(ProjectConfigurationPlatforms) = postSolution
		{EBA8F37C-DA22-4AB0-B0CA-C7D75BBA506C}.Debug|Any CPU.ActiveCfg = Debug|Any CPU
		{EBA8F37C-DA22-4AB0-B0CA-C7D75BBA506C}.Debug|Any CPU.Build.0 = Debug|Any CPU
		{EBA8F37C-DA22-4AB0-B0CA-C7D75BBA506C}.Release|Any CPU.ActiveCfg = Release|Any CPU
		{EBA8F37C-DA22-4AB0-B0CA-C7D75BBA506C}.Release|Any CPU.Build.0 = Release|Any CPU
	EndGlobalSection
	GlobalSection(SolutionProperties) = preSolution
		HideSolutionNode = FALSE
	EndGlobalSection
	GlobalSection(ExtensibilityGlobals) = postSolution
		SolutionGuid = {A0BA7796-48B6-4C6F-89E5-DD92376CA14D}
	EndGlobalSection
EndGlobal
